// !$*UTF8*$!
{
	archiveVersion = 1;
	classes = {
	};
	objectVersion = 46;
	objects = {

/* Begin PBXBuildFile section */
		C3A89D861A37228000C0EE1E /* main.cpp in Sources */ = {isa = PBXBuildFile; fileRef = C3A89D851A37228000C0EE1E /* main.cpp */; };
/* End PBXBuildFile section */

/* Begin PBXCopyFilesBuildPhase section */
		C3612FFB1A305D0A00B5B0BF /* CopyFiles */ = {
			isa = PBXCopyFilesBuildPhase;
			buildActionMask = 2147483647;
			dstPath = /usr/share/man/man1/;
			dstSubfolderSpec = 0;
			files = (
			);
			runOnlyForDeploymentPostprocessing = 1;
		};
/* End PBXCopyFilesBuildPhase section */

/* Begin PBXFileReference section */
		C3612FFD1A305D0A00B5B0BF /* debaudot */ = {isa = PBXFileReference; explicitFileType = "compiled.mach-o.executable"; includeInIndex = 0; path = debaudot; sourceTree = BUILT_PRODUCTS_DIR; };
		C3A89D851A37228000C0EE1E /* main.cpp */ = {isa = PBXFileReference; fileEncoding = 4; lastKnownFileType = sourcecode.cpp.cpp; name = main.cpp; path = debaudot/main.cpp; sourceTree = SOURCE_ROOT; };
/* End PBXFileReference section */

/* Begin PBXFrameworksBuildPhase section */
		C3612FFA1A305D0A00B5B0BF /* Frameworks */ = {
			isa = PBXFrameworksBuildPhase;
			buildActionMask = 2147483647;
			files = (
			);
			runOnlyForDeploymentPostprocessing = 0;
		};
/* End PBXFrameworksBuildPhase section */

/* Begin PBXGroup section */
		C3612FF41A305D0A00B5B0BF = {
			isa = PBXGroup;
			children = (
				C3612FFF1A305D0A00B5B0BF /* debaudot */,
				C3612FFE1A305D0A00B5B0BF /* Products */,
			);
			sourceTree = "<group>";
		};
		C3612FFE1A305D0A00B5B0BF /* Products */ = {
			isa = PBXGroup;
			children = (
				C3612FFD1A305D0A00B5B0BF /* debaudot */,
			);
			name = Products;
			sourceTree = "<group>";
		};
		C3612FFF1A305D0A00B5B0BF /* debaudot */ = {
			isa = PBXGroup;
			children = (
				C3A89D851A37228000C0EE1E /* main.cpp */,
			);
			name = debaudot;
			path = dedaudot;
			sourceTree = "<group>";
		};
/* End PBXGroup section */

/* Begin PBXNativeTarget section */
		C3612FFC1A305D0A00B5B0BF /* debaudot */ = {
			isa = PBXNativeTarget;
			buildConfigurationList = C36130041A305D0A00B5B0BF /* Build configuration list for PBXNativeTarget "debaudot" */;
			buildPhases = (
				C3612FF91A305D0A00B5B0BF /* Sources */,
				C3612FFA1A305D0A00B5B0BF /* Frameworks */,
				C3612FFB1A305D0A00B5B0BF /* CopyFiles */,
			);
			buildRules = (
			);
			dependencies = (
			);
			name = debaudot;
			productName = dedaudot;
			productReference = C3612FFD1A305D0A00B5B0BF /* debaudot */;
			productType = "com.apple.product-type.tool";
		};
/* End PBXNativeTarget section */

/* Begin PBXProject section */
		C3612FF51A305D0A00B5B0BF /* Project object */ = {
			isa = PBXProject;
			attributes = {
				LastUpgradeCheck = 0610;
				ORGANIZATIONNAME = jp.iridium;
				TargetAttributes = {
					C3612FFC1A305D0A00B5B0BF = {
						CreatedOnToolsVersion = 6.1;
					};
				};
			};
			buildConfigurationList = C3612FF81A305D0A00B5B0BF /* Build configuration list for PBXProject "debaudot" */;
			compatibilityVersion = "Xcode 3.2";
			developmentRegion = English;
			hasScannedForEncodings = 0;
			knownRegions = (
				en,
			);
			mainGroup = C3612FF41A305D0A00B5B0BF;
			productRefGroup = C3612FFE1A305D0A00B5B0BF /* Products */;
			projectDirPath = "";
			projectRoot = "";
			targets = (
				C3612FFC1A305D0A00B5B0BF /* debaudot */,
			);
		};
/* End PBXProject section */

/* Begin PBXSourcesBuildPhase section */
		C3612FF91A305D0A00B5B0BF /* Sources */ = {
			isa = PBXSourcesBuildPhase;
			buildActionMask = 2147483647;
			files = (
				C3A89D861A37228000C0EE1E /* main.cpp in Sources */,
			);
			runOnlyForDeploymentPostprocessing = 0;
		};
/* End PBXSourcesBuildPhase section */

/* Begin XCBuildConfiguration section */
		C36130021A305D0A00B5B0BF /* Debug */ = {
			isa = XCBuildConfiguration;
			buildSettings = {
				ALWAYS_SEARCH_USER_PATHS = NO;
				CLANG_CXX_LANGUAGE_STANDARD = "gnu++0x";
				CLANG_CXX_LIBRARY = "libc++";
				CLANG_ENABLE_MODULES = YES;
				CLANG_ENABLE_OBJC_ARC = YES;
				CLANG_WARN_BOOL_CONVERSION = YES;
				CLANG_WARN_CONSTANT_CONVERSION = YES;
				CLANG_WARN_DIRECT_OBJC_ISA_USAGE = YES_ERROR;
				CLANG_WARN_EMPTY_BODY = YES;
				CLANG_WARN_ENUM_CONVERSION = YES;
				CLANG_WARN_INT_CONVERSION = YES;
				CLANG_WARN_OBJC_ROOT_CLASS = YES_ERROR;
				CLANG_WARN_UNREACHABLE_CODE = YES;
				CLANG_WARN__DUPLICATE_METHOD_MATCH = YES;
				COPY_PHASE_STRIP = NO;
				ENABLE_STRICT_OBJC_MSGSEND = YES;
				GCC_C_LANGUAGE_STANDARD = gnu99;
				GCC_DYNAMIC_NO_PIC = NO;
				GCC_OPTIMIZATION_LEVEL = 0;
				GCC_PREPROCESSOR_DEFINITIONS = (
					"DEBUG=1",
					"$(inherited)",
				);
				GCC_SYMBOLS_PRIVATE_EXTERN = NO;
				GCC_WARN_64_TO_32_BIT_CONVERSION = YES;
				GCC_WARN_ABOUT_RETURN_TYPE = YES_ERROR;
				GCC_WARN_UNDECLARED_SELECTOR = YES;
				GCC_WARN_UNINITIALIZED_AUTOS = YES_AGGRESSIVE;
				GCC_WARN_UNUSED_FUNCTION = YES;
				GCC_WARN_UNUSED_VARIABLE = YES;
				MACOSX_DEPLOYMENT_TARGET = 10.10;
				MTL_ENABLE_DEBUG_INFO = YES;
				ONLY_ACTIVE_ARCH = YES;
				SDKROOT = macosx;
			};
			name = Debug;
		};
		C36130031A305D0A00B5B0BF /* Release */ = {
			isa = XCBuildConfiguration;
			buildSettings = {
				ALWAYS_SEARCH_USER_PATHS = NO;
				CLANG_CXX_LANGUAGE_STANDARD = "gnu++0x";
				CLANG_CXX_LIBRARY = "libc++";
				CLANG_ENABLE_MODULES = YES;
				CLANG_ENABLE_OBJC_ARC = YES;
				CLANG_WARN_BOOL_CONVERSION = YES;
				CLANG_WARN_CONSTANT_CONVERSION = YES;
				CLANG_WARN_DIRECT_OBJC_ISA_USAGE = YES_ERROR;
				CLANG_WARN_EMPTY_BODY = YES;
				CLANG_WARN_ENUM_CONVERSION = YES;
				CLANG_WARN_INT_CONVERSION = YES;
				CLANG_WARN_OBJC_ROOT_CLASS = YES_ERROR;
				CLANG_WARN_UNREACHABLE_CODE = YES;
				CLANG_WARN__DUPLICATE_METHOD_MATCH = YES;
				COPY_PHASE_STRIP = YES;
				DEBUG_INFORMATION_FORMAT = "dwarf-with-dsym";
				ENABLE_NS_ASSERTIONS = NO;
				ENABLE_STRICT_OBJC_MSGSEND = YES;
				GCC_C_LANGUAGE_STANDARD = gnu99;
				GCC_WARN_64_TO_32_BIT_CONVERSION = YES;
				GCC_WARN_ABOUT_RETURN_TYPE = YES_ERROR;
				GCC_WARN_UNDECLARED_SELECTOR = YES;
				GCC_WARN_UNINITIALIZED_AUTOS = YES_AGGRESSIVE;
				GCC_WARN_UNUSED_FUNCTION = YES;
				GCC_WARN_UNUSED_VARIABLE = YES;
				MACOSX_DEPLOYMENT_TARGET = 10.10;
				MTL_ENABLE_DEBUG_INFO = NO;
				SDKROOT = macosx;
			};
			name = Release;
		};
		C36130051A305D0A00B5B0BF /* Debug */ = {
			isa = XCBuildConfiguration;
			buildSettings = {
				PRODUCT_NAME = debaudot;
			};
			name = Debug;
		};
		C36130061A305D0A00B5B0BF /* Release */ = {
			isa = XCBuildConfiguration;
			buildSettings = {
				PRODUCT_NAME = debaudot;
			};
			name = Release;
		};
/* End XCBuildConfiguration section */

/* Begin XCConfigurationList section */
		C3612FF81A305D0A00B5B0BF /* Build configuration list for PBXProject "debaudot" */ = {
			isa = XCConfigurationList;
			buildConfigurations = (
				C36130021A305D0A00B5B0BF /* Debug */,
				C36130031A305D0A00B5B0BF /* Release */,
			);
			defaultConfigurationIsVisible = 0;
			defaultConfigurationName = Release;
		};
		C36130041A305D0A00B5B0BF /* Build configuration list for PBXNativeTarget "debaudot" */ = {
			isa = XCConfigurationList;
			buildConfigurations = (
				C36130051A305D0A00B5B0BF /* Debug */,
				C36130061A305D0A00B5B0BF /* Release */,
			);
			defaultConfigurationIsVisible = 0;
			defaultConfigurationName = Release;
		};
/* End XCConfigurationList section */
	};
	rootObject = C3612FF51A305D0A00B5B0BF /* Project object */;
}
