
Microsoft Visual Studio Solution File, Format Version 11.00
# Visual C# Express 2010
Project("{FAE04EC0-301F-11D3-BF4B-00C04F79EFBC}") = "DESPATCHtrack", "DESPATCHtrack\DESPATCHtrack.csproj", "{DCB9154C-794D-44CB-AF28-EA030EB1B809}"
EndProject
Global
	GlobalSection(SolutionConfigurationPlatforms) = preSolution
		Debug|x86 = Debug|x86
		Release|x86 = Release|x86
	EndGlobalSection
	GlobalSection(ProjectConfigurationPlatforms) = postSolution
		{DCB9154C-794D-44CB-AF28-EA030EB1B809}.Debug|x86.ActiveCfg = Debug|x86
		{DCB9154C-794D-44CB-AF28-EA030EB1B809}.Debug|x86.Build.0 = Debug|x86
		{DCB9154C-794D-44CB-AF28-EA030EB1B809}.Release|x86.ActiveCfg = Release|x86
		{DCB9154C-794D-44CB-AF28-EA030EB1B809}.Release|x86.Build.0 = Release|x86
	EndGlobalSection
	GlobalSection(SolutionProperties) = preSolution
		HideSolutionNode = FALSE
	EndGlobalSection
EndGlobal
